# This file is autogenerated, do not edit; changes may be undone by the next 'dep ensure'.


[[projects]]
  name = "github.com/marcaudefroy/projectC"
  packages = ["models"]
  revision = "b941a7d22c0049f17857c00f8a042346d83283f7"
  version = "v2.1"

[solve-meta]
  analyzer-name = "dep"
  analyzer-version = 1
  inputs-digest = "785e5c60da4992374d3a4df306e44819544a0720051a26f4a94e0d52c5852a83"
  solver-name = "gps-cdcl"
  solver-version = 1
